# This file was autogenerated by Stack.
# You should not edit this file by hand.
# For more information, please see the documentation at:
#   https://docs.haskellstack.org/en/stable/lock_files

packages:
- completed:
    hackage: amqp-worker-0.3.2@sha256:94fe3215d143c87d186429972cdb29beef1e042b4248fbf5dc6028c5ac1321a6,2289
    pantry-tree:
      size: 821
      sha256: 3aa1fc85f07026ed88554d379d8f09d2ff1fb0f4ec322136203f923f752838ca
  original:
    hackage: amqp-worker-0.3.2@sha256:94fe3215d143c87d186429972cdb29beef1e042b4248fbf5dc6028c5ac1321a6,2289
snapshots:
- completed:
    size: 525662
    url: https://raw.githubusercontent.com/commercialhaskell/stackage-snapshots/master/lts/14/15.yaml
    sha256: c5e673e5723931b64ef2eb5004f6d9ea3c95b58d48388dbc4de6f66b97c81f7a
  original: lts-14.15
